
Microsoft Visual Studio Solution File, Format Version 12.00
# Visual Studio 15
VisualStudioVersion = 15.0.26730.12
MinimumVisualStudioVersion = 10.0.40219.1
Project("{FAE04EC0-301F-11D3-BF4B-00C04F79EFBC}") = "VSGitDemo2", "VSGitDemo2\VSGitDemo2.csproj", "{6233562B-9CCD-4BDC-B207-F82B5260516A}"
EndProject
Global
	GlobalSection(SolutionConfigurationPlatforms) = preSolution
		Debug|Any CPU = Debug|Any CPU
		Release|Any CPU = Release|Any CPU
	EndGlobalSection
	GlobalSection(ProjectConfigurationPlatforms) = postSolution
		{6233562B-9CCD-4BDC-B207-F82B5260516A}.Debug|Any CPU.ActiveCfg = Debug|Any CPU
		{6233562B-9CCD-4BDC-B207-F82B5260516A}.Debug|Any CPU.Build.0 = Debug|Any CPU
		{6233562B-9CCD-4BDC-B207-F82B5260516A}.Release|Any CPU.ActiveCfg = Release|Any CPU
		{6233562B-9CCD-4BDC-B207-F82B5260516A}.Release|Any CPU.Build.0 = Release|Any CPU
	EndGlobalSection
	GlobalSection(SolutionProperties) = preSolution
		HideSolutionNode = FALSE
	EndGlobalSection
	GlobalSection(ExtensibilityGlobals) = postSolution
		SolutionGuid = {5CF3A277-2C53-4FA7-B48D-04F18CEF4A79}
	EndGlobalSection
EndGlobal
